
Microsoft Visual Studio Solution File, Format Version 12.00
# Visual Studio Version 17
VisualStudioVersion = 17.0.31903.59
MinimumVisualStudioVersion = 10.0.40219.1
Project("{FAE04EC0-301F-11D3-BF4B-00C04F79EFBC}") = "NeuroGenesisAI", "NeuroGenesisAI\NeuroGenesisAI.csproj", "{ED5A367B-4877-4B3F-8F67-95EBD1C43AE2}"
EndProject
Project("{FAE04EC0-301F-11D3-BF4B-00C04F79EFBC}") = "NeuroGenesisAI.VisualizerWPF", "NeuroGenesisAI.VisualizerWPF\NeuroGenesisAI.VisualizerWPF.csproj", "{669D6A39-E395-464F-94AC-F45D8242B728}"
EndProject
Project("{FAE04EC0-301F-11D3-BF4B-00C04F79EFBC}") = "NeuroGenesisAI.API", "NeuroGenesisAI.API\NeuroGenesisAI.API.csproj", "{D281A414-EA5E-4A8F-A3DF-A4D33F991DD9}"
EndProject
Global
	GlobalSection(SolutionConfigurationPlatforms) = preSolution
		Debug|Any CPU = Debug|Any CPU
		Debug|x64 = Debug|x64
		Debug|x86 = Debug|x86
		Release|Any CPU = Release|Any CPU
		Release|x64 = Release|x64
		Release|x86 = Release|x86
	EndGlobalSection
	GlobalSection(ProjectConfigurationPlatforms) = postSolution
		{ED5A367B-4877-4B3F-8F67-95EBD1C43AE2}.Debug|Any CPU.ActiveCfg = Debug|Any CPU
		{ED5A367B-4877-4B3F-8F67-95EBD1C43AE2}.Debug|Any CPU.Build.0 = Debug|Any CPU
		{ED5A367B-4877-4B3F-8F67-95EBD1C43AE2}.Debug|x64.ActiveCfg = Debug|Any CPU
		{ED5A367B-4877-4B3F-8F67-95EBD1C43AE2}.Debug|x64.Build.0 = Debug|Any CPU
		{ED5A367B-4877-4B3F-8F67-95EBD1C43AE2}.Debug|x86.ActiveCfg = Debug|Any CPU
		{ED5A367B-4877-4B3F-8F67-95EBD1C43AE2}.Debug|x86.Build.0 = Debug|Any CPU
		{ED5A367B-4877-4B3F-8F67-95EBD1C43AE2}.Release|Any CPU.ActiveCfg = Release|Any CPU
		{ED5A367B-4877-4B3F-8F67-95EBD1C43AE2}.Release|Any CPU.Build.0 = Release|Any CPU
		{ED5A367B-4877-4B3F-8F67-95EBD1C43AE2}.Release|x64.ActiveCfg = Release|Any CPU
		{ED5A367B-4877-4B3F-8F67-95EBD1C43AE2}.Release|x64.Build.0 = Release|Any CPU
		{ED5A367B-4877-4B3F-8F67-95EBD1C43AE2}.Release|x86.ActiveCfg = Release|Any CPU
		{ED5A367B-4877-4B3F-8F67-95EBD1C43AE2}.Release|x86.Build.0 = Release|Any CPU
		{669D6A39-E395-464F-94AC-F45D8242B728}.Debug|Any CPU.ActiveCfg = Debug|Any CPU
		{669D6A39-E395-464F-94AC-F45D8242B728}.Debug|Any CPU.Build.0 = Debug|Any CPU
		{669D6A39-E395-464F-94AC-F45D8242B728}.Debug|x64.ActiveCfg = Debug|Any CPU
		{669D6A39-E395-464F-94AC-F45D8242B728}.Debug|x64.Build.0 = Debug|Any CPU
		{669D6A39-E395-464F-94AC-F45D8242B728}.Debug|x86.ActiveCfg = Debug|Any CPU
		{669D6A39-E395-464F-94AC-F45D8242B728}.Debug|x86.Build.0 = Debug|Any CPU
		{669D6A39-E395-464F-94AC-F45D8242B728}.Release|Any CPU.ActiveCfg = Release|Any CPU
		{669D6A39-E395-464F-94AC-F45D8242B728}.Release|Any CPU.Build.0 = Release|Any CPU
		{669D6A39-E395-464F-94AC-F45D8242B728}.Release|x64.ActiveCfg = Release|Any CPU
		{669D6A39-E395-464F-94AC-F45D8242B728}.Release|x64.Build.0 = Release|Any CPU
		{669D6A39-E395-464F-94AC-F45D8242B728}.Release|x86.ActiveCfg = Release|Any CPU
		{669D6A39-E395-464F-94AC-F45D8242B728}.Release|x86.Build.0 = Release|Any CPU
		{D281A414-EA5E-4A8F-A3DF-A4D33F991DD9}.Debug|Any CPU.ActiveCfg = Debug|Any CPU
		{D281A414-EA5E-4A8F-A3DF-A4D33F991DD9}.Debug|Any CPU.Build.0 = Debug|Any CPU
		{D281A414-EA5E-4A8F-A3DF-A4D33F991DD9}.Debug|x64.ActiveCfg = Debug|Any CPU
		{D281A414-EA5E-4A8F-A3DF-A4D33F991DD9}.Debug|x64.Build.0 = Debug|Any CPU
		{D281A414-EA5E-4A8F-A3DF-A4D33F991DD9}.Debug|x86.ActiveCfg = Debug|Any CPU
		{D281A414-EA5E-4A8F-A3DF-A4D33F991DD9}.Debug|x86.Build.0 = Debug|Any CPU
		{D281A414-EA5E-4A8F-A3DF-A4D33F991DD9}.Release|Any CPU.ActiveCfg = Release|Any CPU
		{D281A414-EA5E-4A8F-A3DF-A4D33F991DD9}.Release|Any CPU.Build.0 = Release|Any CPU
		{D281A414-EA5E-4A8F-A3DF-A4D33F991DD9}.Release|x64.ActiveCfg = Release|Any CPU
		{D281A414-EA5E-4A8F-A3DF-A4D33F991DD9}.Release|x64.Build.0 = Release|Any CPU
		{D281A414-EA5E-4A8F-A3DF-A4D33F991DD9}.Release|x86.ActiveCfg = Release|Any CPU
		{D281A414-EA5E-4A8F-A3DF-A4D33F991DD9}.Release|x86.Build.0 = Release|Any CPU
	EndGlobalSection
	GlobalSection(SolutionProperties) = preSolution
		HideSolutionNode = FALSE
	EndGlobalSection
EndGlobal
